{
    "_meta": {
        "hash": {
            "sha256": "aac458000cd36a46ec37139aa5729c45adc28d20f775e1c49b527394772f3a8c"
        },
        "pipfile-spec": 6,
        "requires": {
            "python_version": "3.7"
        },
        "sources": [
            {
                "name": "pypi",
                "url": "https://pypi.org/simple",
                "verify_ssl": true
            }
        ]
    },
    "default": {
        "scikit-learn": {
            "hashes": [
                "sha256:0a718b5ffbd5053fb3f9e1a2e20b7c4f256dd8035e246b907d3117d20bac0260",
                "sha256:1725540b754a9967778e9385e1ee2c8db50d5ab70ed835c9f5e36002ffabc169",
                "sha256:3e3ce307d7c5c5811658ba8686b24b571a8244eaafe707665ad601f400d5ce98",
                "sha256:42ad71502237c9fe300ecf157f5a394df717789a2dde541dd7034b539c70bdcc",
                "sha256:42cba716db197e0d1670e2fc13c4cc4a86d5c5358120ccfee6ec427b154e74ff",
                "sha256:47b4090b7686642e41176becb7c42ef3cc665d7ee0db5e7ea5d307ec9779327e",
                "sha256:51d99a08c8bf689cf60c9d8dca6e3d3e5f6d762def85ad735dcea11fb528a89b",
                "sha256:5f7577fbb2399a4712e96cf0e786638168940a876c33735a1b5d5a86ba4b1370",
                "sha256:66bfc2b6b15db1725d03ea657ec9184ff09dcbf1ecd834ef85f2edc2c9cbba97",
                "sha256:69a34d389d9ca4687ad00af4e11d53686771f484c37366f68617ef656bab16ab",
                "sha256:75297f3dd6685f01555f1bb75846995d45650af417280b69c81bf11b6987aed5",
                "sha256:9ebb38ab1d0ee143982aed561811903ac6c1abb512ae2b9019b3b65bde63ffb9",
                "sha256:a402c1484fe65df42d5dbc22a58e0695fe3afe2b0b229aee2a09c6d60ba8e5c2",
                "sha256:aad6b9aac1617bd7efa0450643888bbd3410679a94bc8680d9863825686ef369",
                "sha256:ad4db28d3dc16c01df75ed6efb72524537de3839a5d179fcf94094359fc72ec5",
                "sha256:b276739a5f863ccacb61999a3067d0895ee291c95502929b2ae56ea1f882e888",
                "sha256:b3dc88c4d2bcb26ffc5afe16d053ae28317d7d1de083651defcd5453a04f1563",
                "sha256:b3e4681253e95da5aa5c231889a32b084fd997962bf8beda6f796bf422f734b2",
                "sha256:c3d852d49d6c1710089d4513702099fa6f8e1aebfedf222319d80c47b0a195f8",
                "sha256:c6612e7e43988b8b5e1957150449493a55f9c059de641083df7a964f86f2d1e7",
                "sha256:c69e5c6051366a6ac9600d730276db939b1a205e42504ec0b8371f154b0058db",
                "sha256:ce121baa8e85ec27c3065281657dcd78adaab7dcb046c7fe96ad4e5a9dcb6610",
                "sha256:ed2a9a9bea6ec443b7effe5695c9c168b7bf9a67df6d880729760feda871b6a3",
                "sha256:efd842d70b87e3ef3429c3149840b9189d4441ca951ab0cec62c94a964e219d9",
                "sha256:f1428af5c381f6eef30ffbc7e047b7c713d4efa5d7bf5e57b62b3fc8d387044b",
                "sha256:f6c7bf8cd4de1640b760b47f4d28deb26dbbf9acbe0194cdff54a898e190d872",
                "sha256:f8329ac2160ad8bbbac6a507374685ceca3f24ca427fa9ee61a501280e1972d9",
                "sha256:fefba2a43b92f8393366093b60efbe984a72a2b41cce16b4002005e4104ef938"
            ],
            "index": "pypi",
            "version": "==0.19.2"
        }
    },
    "develop": {}
}
